
Microsoft Visual Studio Solution File, Format Version 12.00
# Visual Studio Version 16
VisualStudioVersion = 16.0.30104.148
MinimumVisualStudioVersion = 10.0.40219.1
Project("{888888A0-9F3D-457C-B088-3A5042F75D52}") = "calculator", "calculator.pyproj", "{32776755-E770-4A5C-BB8A-31E97F6F54ED}"
EndProject
Global
	GlobalSection(SolutionConfigurationPlatforms) = preSolution
		Debug|Any CPU = Debug|Any CPU
		Release|Any CPU = Release|Any CPU
	EndGlobalSection
	GlobalSection(ProjectConfigurationPlatforms) = postSolution
		{32776755-E770-4A5C-BB8A-31E97F6F54ED}.Debug|Any CPU.ActiveCfg = Debug|Any CPU
		{32776755-E770-4A5C-BB8A-31E97F6F54ED}.Release|Any CPU.ActiveCfg = Release|Any CPU
	EndGlobalSection
	GlobalSection(SolutionProperties) = preSolution
		HideSolutionNode = FALSE
	EndGlobalSection
	GlobalSection(ExtensibilityGlobals) = postSolution
		SolutionGuid = {41CDBFBC-C4BD-4F27-A245-FE35C467EBB2}
	EndGlobalSection
EndGlobal
